
Microsoft Visual Studio Solution File, Format Version 12.00
# Visual Studio Version 16
VisualStudioVersion = 16.0.28922.388
MinimumVisualStudioVersion = 10.0.40219.1
Project("{888888A0-9F3D-457C-B088-3A5042F75D52}") = "Graph", "Graph.pyproj", "{5460AB40-09F3-485F-A975-E5A9F856361D}"
EndProject
Global
	GlobalSection(SolutionConfigurationPlatforms) = preSolution
		Debug|Any CPU = Debug|Any CPU
		Release|Any CPU = Release|Any CPU
	EndGlobalSection
	GlobalSection(ProjectConfigurationPlatforms) = postSolution
		{5460AB40-09F3-485F-A975-E5A9F856361D}.Debug|Any CPU.ActiveCfg = Debug|Any CPU
		{5460AB40-09F3-485F-A975-E5A9F856361D}.Release|Any CPU.ActiveCfg = Release|Any CPU
	EndGlobalSection
	GlobalSection(SolutionProperties) = preSolution
		HideSolutionNode = FALSE
	EndGlobalSection
	GlobalSection(ExtensibilityGlobals) = postSolution
		SolutionGuid = {7C844DBA-F4B2-4EA9-B3AC-65838B0594DD}
	EndGlobalSection
EndGlobal
